
Microsoft Visual Studio Solution File, Format Version 12.00
# Visual Studio Version 17
VisualStudioVersion = 17.6.33723.286
MinimumVisualStudioVersion = 10.0.40219.1
Project("{2150E333-8FDC-42A3-9474-1A3956D46DE8}") = "Solution Items", "Solution Items", "{AC924877-C557-44CD-BBD6-03E2AC22D8AF}"
	ProjectSection(SolutionItems) = preProject
		CommandLineGui.msbuild = CommandLineGui.msbuild
		CommandLineGui.vsmdi = CommandLineGui.vsmdi
		CoreInfo.cs = CoreInfo.cs
		CustomDictionary.xml = CustomDictionary.xml
		LocalTestRun.testrunconfig = LocalTestRun.testrunconfig
		README.md = README.md
	EndProjectSection
EndProject
Project("{2150E333-8FDC-42A3-9474-1A3956D46DE8}") = "Examples", "Examples", "{C2A40325-A59D-4FD6-A7E4-459A4F85D613}"
EndProject
Project("{9A19103F-16F7-4668-BE54-9A1E7A4F7556}") = "Fonlow.AntlrParser", "Fonlow.AntlrParser\Fonlow.AntlrParser.csproj", "{AE1E6B69-CD63-4F92-8AB9-B6A2D940E383}"
EndProject
Project("{9A19103F-16F7-4668-BE54-9A1E7A4F7556}") = "RobocopyParametersCore", "RobocopyParametersCore\RobocopyParametersCore.csproj", "{789EF3CA-37D0-4363-9C6F-4BB02C61952D}"
EndProject
Project("{9A19103F-16F7-4668-BE54-9A1E7A4F7556}") = "MyPlossumCore", "MyPlossumCore\MyPlossumCore.csproj", "{C934BA99-A65C-4003-972C-0AADDD19A1C7}"
EndProject
Project("{2150E333-8FDC-42A3-9474-1A3956D46DE8}") = "Tests", "Tests", "{E06C49E4-B292-413E-9414-2F0C39DDE961}"
EndProject
Project("{9A19103F-16F7-4668-BE54-9A1E7A4F7556}") = "AntlrTests", "Tests\AntlrTests\AntlrTests.csproj", "{8494BA3D-DDA8-4C45-9F07-1C72F3EFB5A0}"
EndProject
Project("{9A19103F-16F7-4668-BE54-9A1E7A4F7556}") = "BetterTests", "Tests\BetterTests\BetterTests.csproj", "{B91A1124-21D5-4FF7-9547-0947DCB84478}"
EndProject
Project("{FAE04EC0-301F-11D3-BF4B-00C04F79EFBC}") = "Fonlow.Cli", "Fonlow.Cli\Fonlow.Cli.csproj", "{39227A94-069A-4DD3-90B6-5C22728DFFAD}"
EndProject
Global
	GlobalSection(SolutionConfigurationPlatforms) = preSolution
		Debug|Any CPU = Debug|Any CPU
		Release|Any CPU = Release|Any CPU
	EndGlobalSection
	GlobalSection(ProjectConfigurationPlatforms) = postSolution
		{AE1E6B69-CD63-4F92-8AB9-B6A2D940E383}.Debug|Any CPU.ActiveCfg = Debug|Any CPU
		{AE1E6B69-CD63-4F92-8AB9-B6A2D940E383}.Debug|Any CPU.Build.0 = Debug|Any CPU
		{AE1E6B69-CD63-4F92-8AB9-B6A2D940E383}.Release|Any CPU.ActiveCfg = Release|Any CPU
		{AE1E6B69-CD63-4F92-8AB9-B6A2D940E383}.Release|Any CPU.Build.0 = Release|Any CPU
		{789EF3CA-37D0-4363-9C6F-4BB02C61952D}.Debug|Any CPU.ActiveCfg = Debug|Any CPU
		{789EF3CA-37D0-4363-9C6F-4BB02C61952D}.Debug|Any CPU.Build.0 = Debug|Any CPU
		{789EF3CA-37D0-4363-9C6F-4BB02C61952D}.Release|Any CPU.ActiveCfg = Release|Any CPU
		{789EF3CA-37D0-4363-9C6F-4BB02C61952D}.Release|Any CPU.Build.0 = Release|Any CPU
		{C934BA99-A65C-4003-972C-0AADDD19A1C7}.Debug|Any CPU.ActiveCfg = Debug|Any CPU
		{C934BA99-A65C-4003-972C-0AADDD19A1C7}.Debug|Any CPU.Build.0 = Debug|Any CPU
		{C934BA99-A65C-4003-972C-0AADDD19A1C7}.Release|Any CPU.ActiveCfg = Release|Any CPU
		{C934BA99-A65C-4003-972C-0AADDD19A1C7}.Release|Any CPU.Build.0 = Release|Any CPU
		{8494BA3D-DDA8-4C45-9F07-1C72F3EFB5A0}.Debug|Any CPU.ActiveCfg = Debug|Any CPU
		{8494BA3D-DDA8-4C45-9F07-1C72F3EFB5A0}.Debug|Any CPU.Build.0 = Debug|Any CPU
		{8494BA3D-DDA8-4C45-9F07-1C72F3EFB5A0}.Release|Any CPU.ActiveCfg = Release|Any CPU
		{8494BA3D-DDA8-4C45-9F07-1C72F3EFB5A0}.Release|Any CPU.Build.0 = Release|Any CPU
		{B91A1124-21D5-4FF7-9547-0947DCB84478}.Debug|Any CPU.ActiveCfg = Debug|Any CPU
		{B91A1124-21D5-4FF7-9547-0947DCB84478}.Debug|Any CPU.Build.0 = Debug|Any CPU
		{B91A1124-21D5-4FF7-9547-0947DCB84478}.Release|Any CPU.ActiveCfg = Release|Any CPU
		{B91A1124-21D5-4FF7-9547-0947DCB84478}.Release|Any CPU.Build.0 = Release|Any CPU
		{39227A94-069A-4DD3-90B6-5C22728DFFAD}.Debug|Any CPU.ActiveCfg = Debug|Any CPU
		{39227A94-069A-4DD3-90B6-5C22728DFFAD}.Debug|Any CPU.Build.0 = Debug|Any CPU
		{39227A94-069A-4DD3-90B6-5C22728DFFAD}.Release|Any CPU.ActiveCfg = Release|Any CPU
		{39227A94-069A-4DD3-90B6-5C22728DFFAD}.Release|Any CPU.Build.0 = Release|Any CPU
	EndGlobalSection
	GlobalSection(SolutionProperties) = preSolution
		HideSolutionNode = FALSE
	EndGlobalSection
	GlobalSection(NestedProjects) = preSolution
		{789EF3CA-37D0-4363-9C6F-4BB02C61952D} = {C2A40325-A59D-4FD6-A7E4-459A4F85D613}
		{C934BA99-A65C-4003-972C-0AADDD19A1C7} = {C2A40325-A59D-4FD6-A7E4-459A4F85D613}
		{8494BA3D-DDA8-4C45-9F07-1C72F3EFB5A0} = {E06C49E4-B292-413E-9414-2F0C39DDE961}
		{B91A1124-21D5-4FF7-9547-0947DCB84478} = {E06C49E4-B292-413E-9414-2F0C39DDE961}
	EndGlobalSection
	GlobalSection(ExtensibilityGlobals) = postSolution
		SolutionGuid = {280C4A85-4AED-449F-96EB-4D1A65A6219D}
	EndGlobalSection
	GlobalSection(TestCaseManagementSettings) = postSolution
		CategoryFile = CommandLineGui.vsmdi
	EndGlobalSection
EndGlobal
